
Microsoft Visual Studio Solution File, Format Version 12.00
# Visual Studio 15
VisualStudioVersion = 15.0.28307.271
MinimumVisualStudioVersion = 10.0.40219.1
Project("{FAE04EC0-301F-11D3-BF4B-00C04F79EFBC}") = "api", "api\api.csproj", "{BDC5977C-F768-4724-9918-96B57F4FFE73}"
EndProject
Global
	GlobalSection(SolutionConfigurationPlatforms) = preSolution
		Debug|Any CPU = Debug|Any CPU
		Release|Any CPU = Release|Any CPU
	EndGlobalSection
	GlobalSection(ProjectConfigurationPlatforms) = postSolution
		{BDC5977C-F768-4724-9918-96B57F4FFE73}.Debug|Any CPU.ActiveCfg = Debug|Any CPU
		{BDC5977C-F768-4724-9918-96B57F4FFE73}.Debug|Any CPU.Build.0 = Debug|Any CPU
		{BDC5977C-F768-4724-9918-96B57F4FFE73}.Release|Any CPU.ActiveCfg = Release|Any CPU
		{BDC5977C-F768-4724-9918-96B57F4FFE73}.Release|Any CPU.Build.0 = Release|Any CPU
	EndGlobalSection
	GlobalSection(SolutionProperties) = preSolution
		HideSolutionNode = FALSE
	EndGlobalSection
	GlobalSection(ExtensibilityGlobals) = postSolution
		SolutionGuid = {DE3DC920-1098-420B-80CD-450FD0964D1E}
	EndGlobalSection
EndGlobal
